
Microsoft Visual Studio Solution File, Format Version 12.00
# Visual Studio Version 16
VisualStudioVersion = 16.0.30611.23
MinimumVisualStudioVersion = 10.0.40219.1
Project("{8BC9CEB8-8B4A-11D0-8D11-00A0C91BC942}") = "Лабораторная работа № 3", "Лабораторная работа № 3\Лабораторная работа № 3.vcxproj", "{122535F4-935D-4931-89A9-52DFB38FC05B}"
EndProject
Project("{8BC9CEB8-8B4A-11D0-8D11-00A0C91BC942}") = "UnitTest1", "UnitTest1\UnitTest1.vcxproj", "{1E1E30CF-366C-492C-9570-FA0D87C58F0B}"
EndProject
Global
	GlobalSection(SolutionConfigurationPlatforms) = preSolution
		Debug|x64 = Debug|x64
		Debug|x86 = Debug|x86
		Release|x64 = Release|x64
		Release|x86 = Release|x86
	EndGlobalSection
	GlobalSection(ProjectConfigurationPlatforms) = postSolution
		{122535F4-935D-4931-89A9-52DFB38FC05B}.Debug|x64.ActiveCfg = Debug|x64
		{122535F4-935D-4931-89A9-52DFB38FC05B}.Debug|x64.Build.0 = Debug|x64
		{122535F4-935D-4931-89A9-52DFB38FC05B}.Debug|x86.ActiveCfg = Debug|Win32
		{122535F4-935D-4931-89A9-52DFB38FC05B}.Debug|x86.Build.0 = Debug|Win32
		{122535F4-935D-4931-89A9-52DFB38FC05B}.Release|x64.ActiveCfg = Release|x64
		{122535F4-935D-4931-89A9-52DFB38FC05B}.Release|x64.Build.0 = Release|x64
		{122535F4-935D-4931-89A9-52DFB38FC05B}.Release|x86.ActiveCfg = Release|Win32
		{122535F4-935D-4931-89A9-52DFB38FC05B}.Release|x86.Build.0 = Release|Win32
		{1E1E30CF-366C-492C-9570-FA0D87C58F0B}.Debug|x64.ActiveCfg = Debug|x64
		{1E1E30CF-366C-492C-9570-FA0D87C58F0B}.Debug|x64.Build.0 = Debug|x64
		{1E1E30CF-366C-492C-9570-FA0D87C58F0B}.Debug|x86.ActiveCfg = Debug|Win32
		{1E1E30CF-366C-492C-9570-FA0D87C58F0B}.Debug|x86.Build.0 = Debug|Win32
		{1E1E30CF-366C-492C-9570-FA0D87C58F0B}.Release|x64.ActiveCfg = Release|x64
		{1E1E30CF-366C-492C-9570-FA0D87C58F0B}.Release|x64.Build.0 = Release|x64
		{1E1E30CF-366C-492C-9570-FA0D87C58F0B}.Release|x86.ActiveCfg = Release|Win32
		{1E1E30CF-366C-492C-9570-FA0D87C58F0B}.Release|x86.Build.0 = Release|Win32
	EndGlobalSection
	GlobalSection(SolutionProperties) = preSolution
		HideSolutionNode = FALSE
	EndGlobalSection
	GlobalSection(ExtensibilityGlobals) = postSolution
		SolutionGuid = {C653899A-014E-4872-8E5C-6E5656CCEA08}
	EndGlobalSection
EndGlobal
